
Microsoft Visual Studio Solution File, Format Version 12.00
# Visual Studio 14
VisualStudioVersion = 14.0.25420.1
MinimumVisualStudioVersion = 10.0.40219.1
Project("{FAE04EC0-301F-11D3-BF4B-00C04F79EFBC}") = "MyActive", "MyActive\MyActive.csproj", "{C5B1FEE2-6A08-45CA-B05D-F5D7746DA711}"
EndProject
Project("{54435603-DBB4-11D2-8724-00A0C9A8B90C}") = "Setup1", "Setup1\Setup1.vdproj", "{4D9E13B4-6F8C-4419-9C55-39307A1869F1}"
EndProject
Global
	GlobalSection(SolutionConfigurationPlatforms) = preSolution
		Debug|Any CPU = Debug|Any CPU
		Release|Any CPU = Release|Any CPU
	EndGlobalSection
	GlobalSection(ProjectConfigurationPlatforms) = postSolution
		{C5B1FEE2-6A08-45CA-B05D-F5D7746DA711}.Debug|Any CPU.ActiveCfg = Debug|Any CPU
		{C5B1FEE2-6A08-45CA-B05D-F5D7746DA711}.Debug|Any CPU.Build.0 = Debug|Any CPU
		{C5B1FEE2-6A08-45CA-B05D-F5D7746DA711}.Release|Any CPU.ActiveCfg = Release|Any CPU
		{C5B1FEE2-6A08-45CA-B05D-F5D7746DA711}.Release|Any CPU.Build.0 = Release|Any CPU
		{4D9E13B4-6F8C-4419-9C55-39307A1869F1}.Debug|Any CPU.ActiveCfg = Debug
		{4D9E13B4-6F8C-4419-9C55-39307A1869F1}.Release|Any CPU.ActiveCfg = Release
	EndGlobalSection
	GlobalSection(SolutionProperties) = preSolution
		HideSolutionNode = FALSE
	EndGlobalSection
EndGlobal
